
Terraform used the selected providers to generate the following execution
plan. Resource actions are indicated with the following symbols:
  [32m+[0m create[0m
 [36m<=[0m read (data resources)[0m

Terraform will perform the following actions:

[1m  # google_project_service.apis["aiplatform.googleapis.com"][0m will be created
[0m  [32m+[0m[0m resource "google_project_service" "apis" {
      [32m+[0m[0m disable_on_destroy = false
      [32m+[0m[0m id                 = (known after apply)
      [32m+[0m[0m project            = "your-actual-project-id-12345"
      [32m+[0m[0m service            = "aiplatform.googleapis.com"
    }

[1m  # google_project_service.apis["cloudbilling.googleapis.com"][0m will be created
[0m  [32m+[0m[0m resource "google_project_service" "apis" {
      [32m+[0m[0m disable_on_destroy = false
      [32m+[0m[0m id                 = (known after apply)
      [32m+[0m[0m project            = "your-actual-project-id-12345"
      [32m+[0m[0m service            = "cloudbilling.googleapis.com"
    }

[1m  # google_project_service.apis["cloudtrace.googleapis.com"][0m will be created
[0m  [32m+[0m[0m resource "google_project_service" "apis" {
      [32m+[0m[0m disable_on_destroy = false
      [32m+[0m[0m id                 = (known after apply)
      [32m+[0m[0m project            = "your-actual-project-id-12345"
      [32m+[0m[0m service            = "cloudtrace.googleapis.com"
    }

[1m  # google_project_service.apis["compute.googleapis.com"][0m will be created
[0m  [32m+[0m[0m resource "google_project_service" "apis" {
      [32m+[0m[0m disable_on_destroy = false
      [32m+[0m[0m id                 = (known after apply)
      [32m+[0m[0m project            = "your-actual-project-id-12345"
      [32m+[0m[0m service            = "compute.googleapis.com"
    }

[1m  # google_project_service.apis["dlp.googleapis.com"][0m will be created
[0m  [32m+[0m[0m resource "google_project_service" "apis" {
      [32m+[0m[0m disable_on_destroy = false
      [32m+[0m[0m id                 = (known after apply)
      [32m+[0m[0m project            = "your-actual-project-id-12345"
      [32m+[0m[0m service            = "dlp.googleapis.com"
    }

[1m  # google_project_service.apis["firestore.googleapis.com"][0m will be created
[0m  [32m+[0m[0m resource "google_project_service" "apis" {
      [32m+[0m[0m disable_on_destroy = false
      [32m+[0m[0m id                 = (known after apply)
      [32m+[0m[0m project            = "your-actual-project-id-12345"
      [32m+[0m[0m service            = "firestore.googleapis.com"
    }

[1m  # google_project_service.apis["logging.googleapis.com"][0m will be created
[0m  [32m+[0m[0m resource "google_project_service" "apis" {
      [32m+[0m[0m disable_on_destroy = false
      [32m+[0m[0m id                 = (known after apply)
      [32m+[0m[0m project            = "your-actual-project-id-12345"
      [32m+[0m[0m service            = "logging.googleapis.com"
    }

[1m  # google_project_service.apis["monitoring.googleapis.com"][0m will be created
[0m  [32m+[0m[0m resource "google_project_service" "apis" {
      [32m+[0m[0m disable_on_destroy = false
      [32m+[0m[0m id                 = (known after apply)
      [32m+[0m[0m project            = "your-actual-project-id-12345"
      [32m+[0m[0m service            = "monitoring.googleapis.com"
    }

[1m  # google_project_service.apis["redis.googleapis.com"][0m will be created
[0m  [32m+[0m[0m resource "google_project_service" "apis" {
      [32m+[0m[0m disable_on_destroy = false
      [32m+[0m[0m id                 = (known after apply)
      [32m+[0m[0m project            = "your-actual-project-id-12345"
      [32m+[0m[0m service            = "redis.googleapis.com"
    }

[1m  # google_project_service.apis["run.googleapis.com"][0m will be created
[0m  [32m+[0m[0m resource "google_project_service" "apis" {
      [32m+[0m[0m disable_on_destroy = false
      [32m+[0m[0m id                 = (known after apply)
      [32m+[0m[0m project            = "your-actual-project-id-12345"
      [32m+[0m[0m service            = "run.googleapis.com"
    }

[1m  # google_project_service.apis["secretmanager.googleapis.com"][0m will be created
[0m  [32m+[0m[0m resource "google_project_service" "apis" {
      [32m+[0m[0m disable_on_destroy = false
      [32m+[0m[0m id                 = (known after apply)
      [32m+[0m[0m project            = "your-actual-project-id-12345"
      [32m+[0m[0m service            = "secretmanager.googleapis.com"
    }

[1m  # google_project_service.apis["servicenetworking.googleapis.com"][0m will be created
[0m  [32m+[0m[0m resource "google_project_service" "apis" {
      [32m+[0m[0m disable_on_destroy = false
      [32m+[0m[0m id                 = (known after apply)
      [32m+[0m[0m project            = "your-actual-project-id-12345"
      [32m+[0m[0m service            = "servicenetworking.googleapis.com"
    }

[1m  # google_project_service.apis["sqladmin.googleapis.com"][0m will be created
[0m  [32m+[0m[0m resource "google_project_service" "apis" {
      [32m+[0m[0m disable_on_destroy = false
      [32m+[0m[0m id                 = (known after apply)
      [32m+[0m[0m project            = "your-actual-project-id-12345"
      [32m+[0m[0m service            = "sqladmin.googleapis.com"
    }

[1m  # google_secret_manager_secret.redis_password[0m will be created
[0m  [32m+[0m[0m resource "google_secret_manager_secret" "redis_password" {
      [32m+[0m[0m create_time           = (known after apply)
      [32m+[0m[0m effective_annotations = (known after apply)
      [32m+[0m[0m effective_labels      = (known after apply)
      [32m+[0m[0m expire_time           = (known after apply)
      [32m+[0m[0m id                    = (known after apply)
      [32m+[0m[0m name                  = (known after apply)
      [32m+[0m[0m project               = "your-actual-project-id-12345"
      [32m+[0m[0m secret_id             = "REDIS_PASSWORD"
      [32m+[0m[0m terraform_labels      = (known after apply)

      [32m+[0m[0m replication {
          [32m+[0m[0m auto {
            }
        }
    }

[1m  # google_secret_manager_secret.stripe_publishable_key[0m will be created
[0m  [32m+[0m[0m resource "google_secret_manager_secret" "stripe_publishable_key" {
      [32m+[0m[0m create_time           = (known after apply)
      [32m+[0m[0m effective_annotations = (known after apply)
      [32m+[0m[0m effective_labels      = (known after apply)
      [32m+[0m[0m expire_time           = (known after apply)
      [32m+[0m[0m id                    = (known after apply)
      [32m+[0m[0m name                  = (known after apply)
      [32m+[0m[0m project               = "your-actual-project-id-12345"
      [32m+[0m[0m secret_id             = "STRIPE_PUBLISHABLE_KEY"
      [32m+[0m[0m terraform_labels      = (known after apply)

      [32m+[0m[0m replication {
          [32m+[0m[0m auto {
            }
        }
    }

[1m  # google_secret_manager_secret.stripe_secret_key[0m will be created
[0m  [32m+[0m[0m resource "google_secret_manager_secret" "stripe_secret_key" {
      [32m+[0m[0m create_time           = (known after apply)
      [32m+[0m[0m effective_annotations = (known after apply)
      [32m+[0m[0m effective_labels      = (known after apply)
      [32m+[0m[0m expire_time           = (known after apply)
      [32m+[0m[0m id                    = (known after apply)
      [32m+[0m[0m name                  = (known after apply)
      [32m+[0m[0m project               = "your-actual-project-id-12345"
      [32m+[0m[0m secret_id             = "STRIPE_SECRET_KEY"
      [32m+[0m[0m terraform_labels      = (known after apply)

      [32m+[0m[0m replication {
          [32m+[0m[0m auto {
            }
        }
    }

[1m  # google_secret_manager_secret_iam_member.backend_redis_password_access[0m will be created
[0m  [32m+[0m[0m resource "google_secret_manager_secret_iam_member" "backend_redis_password_access" {
      [32m+[0m[0m etag      = (known after apply)
      [32m+[0m[0m id        = (known after apply)
      [32m+[0m[0m member    = (known after apply)
      [32m+[0m[0m project   = (known after apply)
      [32m+[0m[0m role      = "roles/secretmanager.secretAccessor"
      [32m+[0m[0m secret_id = (known after apply)
    }

[1m  # google_secret_manager_secret_iam_member.frontend_stripe_publishable_key_access[0m will be created
[0m  [32m+[0m[0m resource "google_secret_manager_secret_iam_member" "frontend_stripe_publishable_key_access" {
      [32m+[0m[0m etag      = (known after apply)
      [32m+[0m[0m id        = (known after apply)
      [32m+[0m[0m member    = (known after apply)
      [32m+[0m[0m project   = (known after apply)
      [32m+[0m[0m role      = "roles/secretmanager.secretAccessor"
      [32m+[0m[0m secret_id = (known after apply)
    }

[1m  # google_secret_manager_secret_version.redis_password_version[0m will be created
[0m  [32m+[0m[0m resource "google_secret_manager_secret_version" "redis_password_version" {
      [32m+[0m[0m create_time           = (known after apply)
      [32m+[0m[0m deletion_policy       = "DELETE"
      [32m+[0m[0m destroy_time          = (known after apply)
      [32m+[0m[0m enabled               = true
      [32m+[0m[0m id                    = (known after apply)
      [32m+[0m[0m is_secret_data_base64 = false
      [32m+[0m[0m name                  = (known after apply)
      [32m+[0m[0m secret                = (known after apply)
      [32m+[0m[0m secret_data           = (sensitive value)
      [32m+[0m[0m version               = (known after apply)
    }

[1m  # module.billing_monitoring.google_billing_budget.budget[0m will be created
[0m  [32m+[0m[0m resource "google_billing_budget" "budget" {
      [32m+[0m[0m billing_account = "11111111111111111"
      [32m+[0m[0m display_name    = "Monthly Budget - AI Platform"
      [32m+[0m[0m id              = (known after apply)
      [32m+[0m[0m name            = (known after apply)

      [32m+[0m[0m amount {
          [32m+[0m[0m specified_amount {
              [32m+[0m[0m currency_code = "USD"
              [32m+[0m[0m units         = "100"
            }
        }

      [32m+[0m[0m budget_filter {
          [32m+[0m[0m credit_types           = (known after apply)
          [32m+[0m[0m credit_types_treatment = "INCLUDE_ALL_CREDITS"
          [32m+[0m[0m labels                 = (known after apply)
          [32m+[0m[0m projects               = [
              [32m+[0m[0m "projects/your-actual-project-id-12345",
            ]
          [32m+[0m[0m services               = (known after apply)
          [32m+[0m[0m subaccounts            = (known after apply)
        }

      [32m+[0m[0m threshold_rules {
          [32m+[0m[0m spend_basis       = "CURRENT_SPEND"
          [32m+[0m[0m threshold_percent = 0.5
        }
      [32m+[0m[0m threshold_rules {
          [32m+[0m[0m spend_basis       = "CURRENT_SPEND"
          [32m+[0m[0m threshold_percent = 0.9
        }
      [32m+[0m[0m threshold_rules {
          [32m+[0m[0m spend_basis       = "FORECASTED_SPEND"
          [32m+[0m[0m threshold_percent = 1
        }
    }

[1m  # module.billing_monitoring.google_logging_metric.error_count[0m will be created
[0m  [32m+[0m[0m resource "google_logging_metric" "error_count" {
      [32m+[0m[0m filter  = "resource.type=\"cloud_run_revision\" AND severity>=ERROR"
      [32m+[0m[0m id      = (known after apply)
      [32m+[0m[0m name    = "user/error_count"
      [32m+[0m[0m project = "your-actual-project-id-12345"

      [32m+[0m[0m metric_descriptor {
          [32m+[0m[0m metric_kind = "DELTA"
          [32m+[0m[0m unit        = "1"
          [32m+[0m[0m value_type  = "INT64"
        }
    }

[1m  # module.billing_monitoring.google_monitoring_alert_policy.anomaly_alert[0m will be created
[0m  [32m+[0m[0m resource "google_monitoring_alert_policy" "anomaly_alert" {
      [32m+[0m[0m combiner              = "OR"
      [32m+[0m[0m creation_record       = (known after apply)
      [32m+[0m[0m display_name          = "AI Platform - Anomaly Detection"
      [32m+[0m[0m enabled               = true
      [32m+[0m[0m id                    = (known after apply)
      [32m+[0m[0m name                  = (known after apply)
      [32m+[0m[0m notification_channels = (known after apply)
      [32m+[0m[0m project               = "your-actual-project-id-12345"

      [32m+[0m[0m conditions {
          [32m+[0m[0m display_name = "High Error Rate"
          [32m+[0m[0m name         = (known after apply)

          [32m+[0m[0m condition_threshold {
              [32m+[0m[0m comparison      = "COMPARISON_GT"
              [32m+[0m[0m duration        = "60s"
              [32m+[0m[0m filter          = "resource.type=\"cloud_run_revision\" AND metric.type=\"logging.googleapis.com/user/error_count\""
              [32m+[0m[0m threshold_value = 10

              [32m+[0m[0m aggregations {
                  [32m+[0m[0m alignment_period   = "60s"
                  [32m+[0m[0m per_series_aligner = "ALIGN_RATE"
                }
            }
        }
    }

[1m  # module.billing_monitoring.google_monitoring_notification_channel.email[0m will be created
[0m  [32m+[0m[0m resource "google_monitoring_notification_channel" "email" {
      [32m+[0m[0m display_name        = "Email Notification Channel"
      [32m+[0m[0m enabled             = true
      [32m+[0m[0m force_delete        = false
      [32m+[0m[0m id                  = (known after apply)
      [32m+[0m[0m labels              = {
          [32m+[0m[0m "email_address" = "user@gmail.com"
        }
      [32m+[0m[0m name                = (known after apply)
      [32m+[0m[0m project             = "your-actual-project-id-12345"
      [32m+[0m[0m type                = "email"
      [32m+[0m[0m verification_status = (known after apply)
    }

[1m  # module.cicd.google_artifact_registry_repository.repo[0m will be created
[0m  [32m+[0m[0m resource "google_artifact_registry_repository" "repo" {
      [32m+[0m[0m create_time      = (known after apply)
      [32m+[0m[0m description      = "Docker repository for Cloud Run deployments"
      [32m+[0m[0m effective_labels = (known after apply)
      [32m+[0m[0m format           = "DOCKER"
      [32m+[0m[0m id               = (known after apply)
      [32m+[0m[0m location         = "us-central1"
      [32m+[0m[0m mode             = "STANDARD_REPOSITORY"
      [32m+[0m[0m name             = (known after apply)
      [32m+[0m[0m project          = "your-actual-project-id-12345"
      [32m+[0m[0m repository_id    = "cloud-run-source-deploy"
      [32m+[0m[0m terraform_labels = (known after apply)
      [32m+[0m[0m update_time      = (known after apply)
    }

[1m  # module.cicd.google_cloudbuild_trigger.backend[0m will be created
[0m  [32m+[0m[0m resource "google_cloudbuild_trigger" "backend" {
      [32m+[0m[0m create_time    = (known after apply)
      [32m+[0m[0m description    = "Triggers build and deploy for Backend Agent on push to main"
      [32m+[0m[0m filename       = "cloudbuild-backend.yaml"
      [32m+[0m[0m id             = (known after apply)
      [32m+[0m[0m included_files = [
          [32m+[0m[0m "backend-agent/**",
          [32m+[0m[0m "cloudbuild-backend.yaml",
        ]
      [32m+[0m[0m location       = "global"
      [32m+[0m[0m name           = "backend-agent-trigger"
      [32m+[0m[0m project        = "your-actual-project-id-12345"
      [32m+[0m[0m trigger_id     = (known after apply)

      [32m+[0m[0m approval_config (known after apply)

      [32m+[0m[0m github {
          [32m+[0m[0m name  = "my-ai-platform"
          [32m+[0m[0m owner = "YOUR_GITHUB_USERNAME"

          [32m+[0m[0m push {
              [32m+[0m[0m branch = "^main$"
            }
        }
    }

[1m  # module.cicd.google_cloudbuild_trigger.frontend[0m will be created
[0m  [32m+[0m[0m resource "google_cloudbuild_trigger" "frontend" {
      [32m+[0m[0m create_time    = (known after apply)
      [32m+[0m[0m description    = "Triggers build and deploy for Frontend on push to main"
      [32m+[0m[0m filename       = "cloudbuild-frontend.yaml"
      [32m+[0m[0m id             = (known after apply)
      [32m+[0m[0m included_files = [
          [32m+[0m[0m "frontend-nextjs/**",
          [32m+[0m[0m "cloudbuild-frontend.yaml",
        ]
      [32m+[0m[0m location       = "global"
      [32m+[0m[0m name           = "frontend-nextjs-trigger"
      [32m+[0m[0m project        = "your-actual-project-id-12345"
      [32m+[0m[0m trigger_id     = (known after apply)

      [32m+[0m[0m approval_config (known after apply)

      [32m+[0m[0m github {
          [32m+[0m[0m name  = "my-ai-platform"
          [32m+[0m[0m owner = "YOUR_GITHUB_USERNAME"

          [32m+[0m[0m push {
              [32m+[0m[0m branch = "^main$"
            }
        }
    }

[1m  # module.compute.data.google_project.project[0m will be read during apply
  # (depends on a resource or a module with changes pending)
[0m [36m<=[0m[0m data "google_project" "project" {
      [32m+[0m[0m auto_create_network = (known after apply)
      [32m+[0m[0m billing_account     = (known after apply)
      [32m+[0m[0m deletion_policy     = (known after apply)
      [32m+[0m[0m effective_labels    = (known after apply)
      [32m+[0m[0m folder_id           = (known after apply)
      [32m+[0m[0m id                  = (known after apply)
      [32m+[0m[0m labels              = (known after apply)
      [32m+[0m[0m name                = (known after apply)
      [32m+[0m[0m number              = (known after apply)
      [32m+[0m[0m org_id              = (known after apply)
      [32m+[0m[0m skip_delete         = (known after apply)
      [32m+[0m[0m terraform_labels    = (known after apply)
    }

[1m  # module.compute.google_cloud_run_v2_job.ingest_job[0m will be created
[0m  [32m+[0m[0m resource "google_cloud_run_v2_job" "ingest_job" {
      [32m+[0m[0m conditions               = (known after apply)
      [32m+[0m[0m create_time              = (known after apply)
      [32m+[0m[0m creator                  = (known after apply)
      [32m+[0m[0m delete_time              = (known after apply)
      [32m+[0m[0m effective_annotations    = (known after apply)
      [32m+[0m[0m effective_labels         = (known after apply)
      [32m+[0m[0m etag                     = (known after apply)
      [32m+[0m[0m execution_count          = (known after apply)
      [32m+[0m[0m expire_time              = (known after apply)
      [32m+[0m[0m generation               = (known after apply)
      [32m+[0m[0m id                       = (known after apply)
      [32m+[0m[0m last_modifier            = (known after apply)
      [32m+[0m[0m latest_created_execution = (known after apply)
      [32m+[0m[0m launch_stage             = (known after apply)
      [32m+[0m[0m location                 = "us-central1"
      [32m+[0m[0m name                     = "ingest-job"
      [32m+[0m[0m observed_generation      = (known after apply)
      [32m+[0m[0m project                  = "your-actual-project-id-12345"
      [32m+[0m[0m reconciling              = (known after apply)
      [32m+[0m[0m terminal_condition       = (known after apply)
      [32m+[0m[0m terraform_labels         = (known after apply)
      [32m+[0m[0m uid                      = (known after apply)
      [32m+[0m[0m update_time              = (known after apply)

      [32m+[0m[0m template {
          [32m+[0m[0m parallelism = (known after apply)
          [32m+[0m[0m task_count  = (known after apply)

          [32m+[0m[0m template {
              [32m+[0m[0m execution_environment = (known after apply)
              [32m+[0m[0m max_retries           = 3
              [32m+[0m[0m service_account       = (known after apply)
              [32m+[0m[0m timeout               = "600s"

              [32m+[0m[0m containers {
                  [32m+[0m[0m command = [
                      [32m+[0m[0m "python",
                      [32m+[0m[0m "ingest.py",
                    ]
                  [32m+[0m[0m image   = "us-docker.pkg.dev/cloudrun/container/hello"

                  [32m+[0m[0m env {
                      [32m+[0m[0m name  = "PROJECT_ID"
                      [32m+[0m[0m value = "your-actual-project-id-12345"
                    }
                  [32m+[0m[0m env {
                      [32m+[0m[0m name  = "REGION"
                      [32m+[0m[0m value = "us-central1"
                    }
                  [32m+[0m[0m env {
                      [32m+[0m[0m name  = "DB_USER"
                      [32m+[0m[0m value = "postgres"
                    }
                  [32m+[0m[0m env {
                      [32m+[0m[0m name  = "DB_NAME"
                      [32m+[0m[0m value = "postgres"
                    }
                  [32m+[0m[0m env {
                      [32m+[0m[0m name  = "DB_HOST"
                      [32m+[0m[0m value = (known after apply)
                    }
                  [32m+[0m[0m env {
                      [32m+[0m[0m name = "DB_PASSWORD"

                      [32m+[0m[0m value_source {
                          [32m+[0m[0m secret_key_ref {
                              [32m+[0m[0m secret  = "your-actual-project-id-12345-cloudsql-password"
                              [32m+[0m[0m version = "latest"
                            }
                        }
                    }
                  [32m+[0m[0m env {
                      [32m+[0m[0m name  = "REDIS_HOST"
                      [32m+[0m[0m value = (known after apply)
                    }

                  [32m+[0m[0m resources {
                      [32m+[0m[0m limits = {
                          [32m+[0m[0m "cpu"    = "2"
                          [32m+[0m[0m "memory" = "4Gi"
                        }
                    }
                }

              [32m+[0m[0m vpc_access {
                  [32m+[0m[0m egress = "ALL_TRAFFIC"

                  [32m+[0m[0m network_interfaces {
                      [32m+[0m[0m network    = "your-actual-project-id-12345-vpc"
                      [32m+[0m[0m subnetwork = "your-actual-project-id-12345-private-subnet"
                    }
                }
            }
        }
    }

[1m  # module.compute.google_cloud_run_v2_service.backend[0m will be created
[0m  [32m+[0m[0m resource "google_cloud_run_v2_service" "backend" {
      [32m+[0m[0m conditions              = (known after apply)
      [32m+[0m[0m create_time             = (known after apply)
      [32m+[0m[0m creator                 = (known after apply)
      [32m+[0m[0m delete_time             = (known after apply)
      [32m+[0m[0m effective_annotations   = (known after apply)
      [32m+[0m[0m effective_labels        = (known after apply)
      [32m+[0m[0m etag                    = (known after apply)
      [32m+[0m[0m expire_time             = (known after apply)
      [32m+[0m[0m generation              = (known after apply)
      [32m+[0m[0m id                      = (known after apply)
      [32m+[0m[0m ingress                 = "INGRESS_TRAFFIC_INTERNAL_ONLY"
      [32m+[0m[0m last_modifier           = (known after apply)
      [32m+[0m[0m latest_created_revision = (known after apply)
      [32m+[0m[0m latest_ready_revision   = (known after apply)
      [32m+[0m[0m launch_stage            = (known after apply)
      [32m+[0m[0m location                = "us-central1"
      [32m+[0m[0m name                    = "backend-agent"
      [32m+[0m[0m observed_generation     = (known after apply)
      [32m+[0m[0m project                 = "your-actual-project-id-12345"
      [32m+[0m[0m reconciling             = (known after apply)
      [32m+[0m[0m terminal_condition      = (known after apply)
      [32m+[0m[0m terraform_labels        = (known after apply)
      [32m+[0m[0m traffic_statuses        = (known after apply)
      [32m+[0m[0m uid                     = (known after apply)
      [32m+[0m[0m update_time             = (known after apply)
      [32m+[0m[0m uri                     = (known after apply)

      [32m+[0m[0m template {
          [32m+[0m[0m max_instance_request_concurrency = (known after apply)
          [32m+[0m[0m service_account                  = (known after apply)
          [32m+[0m[0m timeout                          = "300s"

          [32m+[0m[0m containers {
              [32m+[0m[0m image = "us-docker.pkg.dev/cloudrun/container/hello"

              [32m+[0m[0m env {
                  [32m+[0m[0m name  = "PROJECT_ID"
                  [32m+[0m[0m value = "your-actual-project-id-12345"
                }
              [32m+[0m[0m env {
                  [32m+[0m[0m name  = "REGION"
                  [32m+[0m[0m value = "us-central1"
                }
              [32m+[0m[0m env {
                  [32m+[0m[0m name  = "DB_USER"
                  [32m+[0m[0m value = "postgres"
                }
              [32m+[0m[0m env {
                  [32m+[0m[0m name  = "DB_NAME"
                  [32m+[0m[0m value = "postgres"
                }
              [32m+[0m[0m env {
                  [32m+[0m[0m name  = "DB_HOST"
                  [32m+[0m[0m value = (known after apply)
                }
              [32m+[0m[0m env {
                  [32m+[0m[0m name = "DB_PASSWORD"

                  [32m+[0m[0m value_source {
                      [32m+[0m[0m secret_key_ref {
                          [32m+[0m[0m secret  = "your-actual-project-id-12345-cloudsql-password"
                          [32m+[0m[0m version = "latest"
                        }
                    }
                }
              [32m+[0m[0m env {
                  [32m+[0m[0m name  = "REDIS_HOST"
                  [32m+[0m[0m value = (known after apply)
                }

              [32m+[0m[0m liveness_probe {
                  [32m+[0m[0m failure_threshold     = 3
                  [32m+[0m[0m initial_delay_seconds = 30
                  [32m+[0m[0m period_seconds        = 15
                  [32m+[0m[0m timeout_seconds       = 3

                  [32m+[0m[0m http_get {
                      [32m+[0m[0m path = "/health"
                      [32m+[0m[0m port = 8080
                    }
                }

              [32m+[0m[0m ports (known after apply)

              [32m+[0m[0m resources {
                  [32m+[0m[0m limits = {
                      [32m+[0m[0m "cpu"    = "2"
                      [32m+[0m[0m "memory" = "4Gi"
                    }
                }

              [32m+[0m[0m startup_probe {
                  [32m+[0m[0m failure_threshold     = 3
                  [32m+[0m[0m initial_delay_seconds = 10
                  [32m+[0m[0m period_seconds        = 10
                  [32m+[0m[0m timeout_seconds       = 3

                  [32m+[0m[0m http_get {
                      [32m+[0m[0m path = "/health"
                      [32m+[0m[0m port = 8080
                    }
                }
            }

          [32m+[0m[0m scaling {
              [32m+[0m[0m max_instance_count = 20
              [32m+[0m[0m min_instance_count = 1
            }

          [32m+[0m[0m vpc_access {
              [32m+[0m[0m egress = "ALL_TRAFFIC"

              [32m+[0m[0m network_interfaces {
                  [32m+[0m[0m network    = "your-actual-project-id-12345-vpc"
                  [32m+[0m[0m subnetwork = "your-actual-project-id-12345-private-subnet"
                }
            }
        }

      [32m+[0m[0m traffic (known after apply)
    }

[1m  # module.compute.google_cloud_run_v2_service.frontend[0m will be created
[0m  [32m+[0m[0m resource "google_cloud_run_v2_service" "frontend" {
      [32m+[0m[0m conditions              = (known after apply)
      [32m+[0m[0m create_time             = (known after apply)
      [32m+[0m[0m creator                 = (known after apply)
      [32m+[0m[0m delete_time             = (known after apply)
      [32m+[0m[0m effective_annotations   = (known after apply)
      [32m+[0m[0m effective_labels        = (known after apply)
      [32m+[0m[0m etag                    = (known after apply)
      [32m+[0m[0m expire_time             = (known after apply)
      [32m+[0m[0m generation              = (known after apply)
      [32m+[0m[0m id                      = (known after apply)
      [32m+[0m[0m ingress                 = "INGRESS_TRAFFIC_ALL"
      [32m+[0m[0m last_modifier           = (known after apply)
      [32m+[0m[0m latest_created_revision = (known after apply)
      [32m+[0m[0m latest_ready_revision   = (known after apply)
      [32m+[0m[0m launch_stage            = (known after apply)
      [32m+[0m[0m location                = "us-central1"
      [32m+[0m[0m name                    = "frontend-agent"
      [32m+[0m[0m observed_generation     = (known after apply)
      [32m+[0m[0m project                 = "your-actual-project-id-12345"
      [32m+[0m[0m reconciling             = (known after apply)
      [32m+[0m[0m terminal_condition      = (known after apply)
      [32m+[0m[0m terraform_labels        = (known after apply)
      [32m+[0m[0m traffic_statuses        = (known after apply)
      [32m+[0m[0m uid                     = (known after apply)
      [32m+[0m[0m update_time             = (known after apply)
      [32m+[0m[0m uri                     = (known after apply)

      [32m+[0m[0m template {
          [32m+[0m[0m max_instance_request_concurrency = (known after apply)
          [32m+[0m[0m service_account                  = (known after apply)
          [32m+[0m[0m timeout                          = "300s"

          [32m+[0m[0m containers {
              [32m+[0m[0m image = "us-docker.pkg.dev/cloudrun/container/hello"

              [32m+[0m[0m env {
                  [32m+[0m[0m name  = "BACKEND_URL"
                  [32m+[0m[0m value = (known after apply)
                }

              [32m+[0m[0m liveness_probe (known after apply)

              [32m+[0m[0m ports (known after apply)

              [32m+[0m[0m resources {
                  [32m+[0m[0m limits = {
                      [32m+[0m[0m "cpu"    = "1"
                      [32m+[0m[0m "memory" = "2Gi"
                    }
                }

              [32m+[0m[0m startup_probe (known after apply)
            }

          [32m+[0m[0m scaling {
              [32m+[0m[0m max_instance_count = 20
              [32m+[0m[0m min_instance_count = 1
            }

          [32m+[0m[0m vpc_access {
              [32m+[0m[0m egress = "ALL_TRAFFIC"

              [32m+[0m[0m network_interfaces {
                  [32m+[0m[0m network    = "your-actual-project-id-12345-vpc"
                  [32m+[0m[0m subnetwork = "your-actual-project-id-12345-private-subnet"
                }
            }
        }

      [32m+[0m[0m traffic (known after apply)
    }

[1m  # module.compute.google_cloud_run_v2_service_iam_member.frontend_invokes_backend[0m will be created
[0m  [32m+[0m[0m resource "google_cloud_run_v2_service_iam_member" "frontend_invokes_backend" {
      [32m+[0m[0m etag     = (known after apply)
      [32m+[0m[0m id       = (known after apply)
      [32m+[0m[0m location = "us-central1"
      [32m+[0m[0m member   = (known after apply)
      [32m+[0m[0m name     = "backend-agent"
      [32m+[0m[0m project  = (known after apply)
      [32m+[0m[0m role     = "roles/run.invoker"
    }

[1m  # module.compute.google_cloud_run_v2_service_iam_member.public_invokes_frontend[0m will be created
[0m  [32m+[0m[0m resource "google_cloud_run_v2_service_iam_member" "public_invokes_frontend" {
      [32m+[0m[0m etag     = (known after apply)
      [32m+[0m[0m id       = (known after apply)
      [32m+[0m[0m location = "us-central1"
      [32m+[0m[0m member   = "allUsers"
      [32m+[0m[0m name     = "frontend-agent"
      [32m+[0m[0m project  = (known after apply)
      [32m+[0m[0m role     = "roles/run.invoker"
    }

[1m  # module.compute.google_project_iam_member.backend_cloudsql_client[0m will be created
[0m  [32m+[0m[0m resource "google_project_iam_member" "backend_cloudsql_client" {
      [32m+[0m[0m etag    = (known after apply)
      [32m+[0m[0m id      = (known after apply)
      [32m+[0m[0m member  = (known after apply)
      [32m+[0m[0m project = "your-actual-project-id-12345"
      [32m+[0m[0m role    = "roles/cloudsql.client"
    }

[1m  # module.compute.google_project_iam_member.backend_dlp_user[0m will be created
[0m  [32m+[0m[0m resource "google_project_iam_member" "backend_dlp_user" {
      [32m+[0m[0m etag    = (known after apply)
      [32m+[0m[0m id      = (known after apply)
      [32m+[0m[0m member  = (known after apply)
      [32m+[0m[0m project = "your-actual-project-id-12345"
      [32m+[0m[0m role    = "roles/dlp.user"
    }

[1m  # module.compute.google_project_iam_member.backend_firestore_user[0m will be created
[0m  [32m+[0m[0m resource "google_project_iam_member" "backend_firestore_user" {
      [32m+[0m[0m etag    = (known after apply)
      [32m+[0m[0m id      = (known after apply)
      [32m+[0m[0m member  = (known after apply)
      [32m+[0m[0m project = "your-actual-project-id-12345"
      [32m+[0m[0m role    = "roles/datastore.user"
    }

[1m  # module.compute.google_project_iam_member.backend_trace_agent[0m will be created
[0m  [32m+[0m[0m resource "google_project_iam_member" "backend_trace_agent" {
      [32m+[0m[0m etag    = (known after apply)
      [32m+[0m[0m id      = (known after apply)
      [32m+[0m[0m member  = (known after apply)
      [32m+[0m[0m project = "your-actual-project-id-12345"
      [32m+[0m[0m role    = "roles/cloudtrace.agent"
    }

[1m  # module.compute.google_project_iam_member.backend_vertex_user[0m will be created
[0m  [32m+[0m[0m resource "google_project_iam_member" "backend_vertex_user" {
      [32m+[0m[0m etag    = (known after apply)
      [32m+[0m[0m id      = (known after apply)
      [32m+[0m[0m member  = (known after apply)
      [32m+[0m[0m project = "your-actual-project-id-12345"
      [32m+[0m[0m role    = "roles/aiplatform.user"
    }

[1m  # module.compute.google_secret_manager_secret_iam_member.backend_secret_access[0m will be created
[0m  [32m+[0m[0m resource "google_secret_manager_secret_iam_member" "backend_secret_access" {
      [32m+[0m[0m etag      = (known after apply)
      [32m+[0m[0m id        = (known after apply)
      [32m+[0m[0m member    = (known after apply)
      [32m+[0m[0m project   = (known after apply)
      [32m+[0m[0m role      = "roles/secretmanager.secretAccessor"
      [32m+[0m[0m secret_id = "your-actual-project-id-12345-cloudsql-password"
    }

[1m  # module.compute.google_service_account.backend_sa[0m will be created
[0m  [32m+[0m[0m resource "google_service_account" "backend_sa" {
      [32m+[0m[0m account_id   = "ai-backend-sa"
      [32m+[0m[0m disabled     = false
      [32m+[0m[0m display_name = "Backend Agent Service Account"
      [32m+[0m[0m email        = (known after apply)
      [32m+[0m[0m id           = (known after apply)
      [32m+[0m[0m member       = (known after apply)
      [32m+[0m[0m name         = (known after apply)
      [32m+[0m[0m project      = "your-actual-project-id-12345"
      [32m+[0m[0m unique_id    = (known after apply)
    }

[1m  # module.compute.google_service_account.frontend_sa[0m will be created
[0m  [32m+[0m[0m resource "google_service_account" "frontend_sa" {
      [32m+[0m[0m account_id   = "ai-frontend-sa"
      [32m+[0m[0m disabled     = false
      [32m+[0m[0m display_name = "Frontend Agent Service Account"
      [32m+[0m[0m email        = (known after apply)
      [32m+[0m[0m id           = (known after apply)
      [32m+[0m[0m member       = (known after apply)
      [32m+[0m[0m name         = (known after apply)
      [32m+[0m[0m project      = "your-actual-project-id-12345"
      [32m+[0m[0m unique_id    = (known after apply)
    }

[1m  # module.database.google_firestore_backup_schedule.daily_backup[0m will be created
[0m  [32m+[0m[0m resource "google_firestore_backup_schedule" "daily_backup" {
      [32m+[0m[0m database  = "(default)"
      [32m+[0m[0m id        = (known after apply)
      [32m+[0m[0m name      = (known after apply)
      [32m+[0m[0m project   = "your-actual-project-id-12345"
      [32m+[0m[0m retention = "604800s"

      [32m+[0m[0m daily_recurrence {}
    }

[1m  # module.database.google_firestore_database.firestore[0m will be created
[0m  [32m+[0m[0m resource "google_firestore_database" "firestore" {
      [32m+[0m[0m app_engine_integration_mode       = (known after apply)
      [32m+[0m[0m concurrency_mode                  = "OPTIMISTIC"
      [32m+[0m[0m create_time                       = (known after apply)
      [32m+[0m[0m delete_protection_state           = "DELETE_PROTECTION_DISABLED"
      [32m+[0m[0m deletion_policy                   = "ABANDON"
      [32m+[0m[0m earliest_version_time             = (known after apply)
      [32m+[0m[0m etag                              = (known after apply)
      [32m+[0m[0m id                                = (known after apply)
      [32m+[0m[0m key_prefix                        = (known after apply)
      [32m+[0m[0m location_id                       = "us-central1"
      [32m+[0m[0m name                              = "(default)"
      [32m+[0m[0m point_in_time_recovery_enablement = "POINT_IN_TIME_RECOVERY_DISABLED"
      [32m+[0m[0m project                           = "your-actual-project-id-12345"
      [32m+[0m[0m type                              = "FIRESTORE_NATIVE"
      [32m+[0m[0m uid                               = (known after apply)
      [32m+[0m[0m update_time                       = (known after apply)
      [32m+[0m[0m version_retention_period          = (known after apply)
    }

[1m  # module.database.google_secret_manager_secret.db_pass_secret[0m will be created
[0m  [32m+[0m[0m resource "google_secret_manager_secret" "db_pass_secret" {
      [32m+[0m[0m create_time           = (known after apply)
      [32m+[0m[0m effective_annotations = (known after apply)
      [32m+[0m[0m effective_labels      = (known after apply)
      [32m+[0m[0m expire_time           = (known after apply)
      [32m+[0m[0m id                    = (known after apply)
      [32m+[0m[0m name                  = (known after apply)
      [32m+[0m[0m project               = "your-actual-project-id-12345"
      [32m+[0m[0m secret_id             = "your-actual-project-id-12345-cloudsql-password"
      [32m+[0m[0m terraform_labels      = (known after apply)

      [32m+[0m[0m replication {
          [32m+[0m[0m user_managed {
              [32m+[0m[0m replicas {
                  [32m+[0m[0m location = "us-central1"
                }
            }
        }
    }

[1m  # module.database.google_secret_manager_secret_version.db_pass_version[0m will be created
[0m  [32m+[0m[0m resource "google_secret_manager_secret_version" "db_pass_version" {
      [32m+[0m[0m create_time           = (known after apply)
      [32m+[0m[0m deletion_policy       = "DELETE"
      [32m+[0m[0m destroy_time          = (known after apply)
      [32m+[0m[0m enabled               = true
      [32m+[0m[0m id                    = (known after apply)
      [32m+[0m[0m is_secret_data_base64 = false
      [32m+[0m[0m name                  = (known after apply)
      [32m+[0m[0m secret                = (known after apply)
      [32m+[0m[0m secret_data           = (sensitive value)
      [32m+[0m[0m version               = (known after apply)
    }

[1m  # module.database.google_sql_database_instance.postgres[0m will be created
[0m  [32m+[0m[0m resource "google_sql_database_instance" "postgres" {
      [32m+[0m[0m available_maintenance_versions = (known after apply)
      [32m+[0m[0m connection_name                = (known after apply)
      [32m+[0m[0m database_version               = "POSTGRES_15"
      [32m+[0m[0m deletion_protection            = true
      [32m+[0m[0m dns_name                       = (known after apply)
      [32m+[0m[0m encryption_key_name            = (known after apply)
      [32m+[0m[0m first_ip_address               = (known after apply)
      [32m+[0m[0m id                             = (known after apply)
      [32m+[0m[0m instance_type                  = (known after apply)
      [32m+[0m[0m ip_address                     = (known after apply)
      [32m+[0m[0m maintenance_version            = (known after apply)
      [32m+[0m[0m master_instance_name           = (known after apply)
      [32m+[0m[0m name                           = "your-actual-project-id-12345-db"
      [32m+[0m[0m private_ip_address             = (known after apply)
      [32m+[0m[0m project                        = "your-actual-project-id-12345"
      [32m+[0m[0m psc_service_attachment_link    = (known after apply)
      [32m+[0m[0m public_ip_address              = (known after apply)
      [32m+[0m[0m region                         = "us-central1"
      [32m+[0m[0m self_link                      = (known after apply)
      [32m+[0m[0m server_ca_cert                 = (sensitive value)
      [32m+[0m[0m service_account_email_address  = (known after apply)

      [32m+[0m[0m replica_configuration (known after apply)

      [32m+[0m[0m settings {
          [32m+[0m[0m activation_policy     = "ALWAYS"
          [32m+[0m[0m availability_type     = "ZONAL"
          [32m+[0m[0m connector_enforcement = (known after apply)
          [32m+[0m[0m disk_autoresize       = true
          [32m+[0m[0m disk_autoresize_limit = 0
          [32m+[0m[0m disk_size             = (known after apply)
          [32m+[0m[0m disk_type             = "PD_SSD"
          [32m+[0m[0m edition               = "ENTERPRISE"
          [32m+[0m[0m pricing_plan          = "PER_USE"
          [32m+[0m[0m tier                  = "db-g1-small"
          [32m+[0m[0m user_labels           = (known after apply)
          [32m+[0m[0m version               = (known after apply)

          [32m+[0m[0m backup_configuration {
              [32m+[0m[0m binary_log_enabled             = true
              [32m+[0m[0m enabled                        = true
              [32m+[0m[0m point_in_time_recovery_enabled = true
              [32m+[0m[0m start_time                     = "02:00"
              [32m+[0m[0m transaction_log_retention_days = (known after apply)

              [32m+[0m[0m backup_retention_settings {
                  [32m+[0m[0m retained_backups = 7
                  [32m+[0m[0m retention_unit   = "COUNT"
                }
            }

          [32m+[0m[0m insights_config (known after apply)

          [32m+[0m[0m ip_configuration {
              [32m+[0m[0m ipv4_enabled    = false
              [32m+[0m[0m private_network = (known after apply)
              [32m+[0m[0m server_ca_mode  = (known after apply)
              [32m+[0m[0m ssl_mode        = (known after apply)
            }

          [32m+[0m[0m location_preference (known after apply)
        }
    }

[1m  # module.database.google_sql_user.users[0m will be created
[0m  [32m+[0m[0m resource "google_sql_user" "users" {
      [32m+[0m[0m host                    = (known after apply)
      [32m+[0m[0m id                      = (known after apply)
      [32m+[0m[0m instance                = "your-actual-project-id-12345-db"
      [32m+[0m[0m name                    = "postgres"
      [32m+[0m[0m password                = (sensitive value)
      [32m+[0m[0m project                 = "your-actual-project-id-12345"
      [32m+[0m[0m sql_server_user_details = (known after apply)
    }

[1m  # module.database.random_password.db_password[0m will be created
[0m  [32m+[0m[0m resource "random_password" "db_password" {
      [32m+[0m[0m bcrypt_hash = (sensitive value)
      [32m+[0m[0m id          = (known after apply)
      [32m+[0m[0m length      = 16
      [32m+[0m[0m lower       = true
      [32m+[0m[0m min_lower   = 0
      [32m+[0m[0m min_numeric = 0
      [32m+[0m[0m min_special = 0
      [32m+[0m[0m min_upper   = 0
      [32m+[0m[0m number      = true
      [32m+[0m[0m numeric     = true
      [32m+[0m[0m result      = (sensitive value)
      [32m+[0m[0m special     = true
      [32m+[0m[0m upper       = true
    }

[1m  # module.function.data.archive_file.source[0m will be read during apply
  # (depends on a resource or a module with changes pending)
[0m [36m<=[0m[0m data "archive_file" "source" {
      [32m+[0m[0m id                  = (known after apply)
      [32m+[0m[0m output_base64sha256 = (known after apply)
      [32m+[0m[0m output_base64sha512 = (known after apply)
      [32m+[0m[0m output_md5          = (known after apply)
      [32m+[0m[0m output_path         = "/tmp/function-source.zip"
      [32m+[0m[0m output_sha          = (known after apply)
      [32m+[0m[0m output_sha256       = (known after apply)
      [32m+[0m[0m output_sha512       = (known after apply)
      [32m+[0m[0m output_size         = (known after apply)
      [32m+[0m[0m source_dir          = "./../functions/pdf-ingest"
      [32m+[0m[0m type                = "zip"
    }

[1m  # module.function.google_cloudfunctions2_function.function[0m will be created
[0m  [32m+[0m[0m resource "google_cloudfunctions2_function" "function" {
      [32m+[0m[0m description      = "Ingests PDFs into Vector DB on upload"
      [32m+[0m[0m effective_labels = (known after apply)
      [32m+[0m[0m environment      = (known after apply)
      [32m+[0m[0m id               = (known after apply)
      [32m+[0m[0m location         = "us-central1"
      [32m+[0m[0m name             = "pdf-ingest-function"
      [32m+[0m[0m project          = "your-actual-project-id-12345"
      [32m+[0m[0m state            = (known after apply)
      [32m+[0m[0m terraform_labels = (known after apply)
      [32m+[0m[0m update_time      = (known after apply)
      [32m+[0m[0m url              = (known after apply)

      [32m+[0m[0m build_config {
          [32m+[0m[0m build                 = (known after apply)
          [32m+[0m[0m docker_repository     = (known after apply)
          [32m+[0m[0m entry_point           = "ingest_pdf"
          [32m+[0m[0m environment_variables = (known after apply)
          [32m+[0m[0m runtime               = "python311"
          [32m+[0m[0m service_account       = (known after apply)

          [32m+[0m[0m automatic_update_policy (known after apply)

          [32m+[0m[0m source {
              [32m+[0m[0m storage_source {
                  [32m+[0m[0m bucket     = (known after apply)
                  [32m+[0m[0m generation = (known after apply)
                  [32m+[0m[0m object     = (known after apply)
                }
            }
        }

      [32m+[0m[0m event_trigger {
          [32m+[0m[0m event_type            = "google.cloud.storage.object.v1.finalized"
          [32m+[0m[0m pubsub_topic          = (known after apply)
          [32m+[0m[0m retry_policy          = "RETRY_POLICY_RETRY"
          [32m+[0m[0m service_account_email = (known after apply)
          [32m+[0m[0m trigger               = (known after apply)
          [32m+[0m[0m trigger_region        = "us-central1"

          [32m+[0m[0m event_filters {
              [32m+[0m[0m attribute = "bucket"
              [32m+[0m[0m value     = (known after apply)
                [90m# (1 unchanged attribute hidden)[0m[0m
            }
        }

      [32m+[0m[0m service_config {
          [32m+[0m[0m all_traffic_on_latest_revision   = true
          [32m+[0m[0m available_cpu                    = (known after apply)
          [32m+[0m[0m available_memory                 = "512M"
          [32m+[0m[0m environment_variables            = (known after apply)
          [32m+[0m[0m gcf_uri                          = (known after apply)
          [32m+[0m[0m ingress_settings                 = "ALLOW_ALL"
          [32m+[0m[0m max_instance_count               = 10
          [32m+[0m[0m max_instance_request_concurrency = (known after apply)
          [32m+[0m[0m service                          = (known after apply)
          [32m+[0m[0m service_account_email            = (known after apply)
          [32m+[0m[0m timeout_seconds                  = 300
          [32m+[0m[0m uri                              = (known after apply)

          [32m+[0m[0m secret_environment_variables {
              [32m+[0m[0m key        = "DB_PASSWORD"
              [32m+[0m[0m project_id = "your-actual-project-id-12345"
              [32m+[0m[0m secret     = "your-actual-project-id-12345-cloudsql-password"
              [32m+[0m[0m version    = "latest"
            }
        }
    }

[1m  # module.function.google_project_iam_member.storage_viewer[0m will be created
[0m  [32m+[0m[0m resource "google_project_iam_member" "storage_viewer" {
      [32m+[0m[0m etag    = (known after apply)
      [32m+[0m[0m id      = (known after apply)
      [32m+[0m[0m member  = (known after apply)
      [32m+[0m[0m project = "your-actual-project-id-12345"
      [32m+[0m[0m role    = "roles/storage.objectViewer"
    }

[1m  # module.function.google_project_iam_member.vertex_ai_user[0m will be created
[0m  [32m+[0m[0m resource "google_project_iam_member" "vertex_ai_user" {
      [32m+[0m[0m etag    = (known after apply)
      [32m+[0m[0m id      = (known after apply)
      [32m+[0m[0m member  = (known after apply)
      [32m+[0m[0m project = "your-actual-project-id-12345"
      [32m+[0m[0m role    = "roles/aiplatform.user"
    }

[1m  # module.function.google_secret_manager_secret_iam_member.secret_access[0m will be created
[0m  [32m+[0m[0m resource "google_secret_manager_secret_iam_member" "secret_access" {
      [32m+[0m[0m etag      = (known after apply)
      [32m+[0m[0m id        = (known after apply)
      [32m+[0m[0m member    = (known after apply)
      [32m+[0m[0m project   = (known after apply)
      [32m+[0m[0m role      = "roles/secretmanager.secretAccessor"
      [32m+[0m[0m secret_id = "your-actual-project-id-12345-cloudsql-password"
    }

[1m  # module.function.google_service_account.function_sa[0m will be created
[0m  [32m+[0m[0m resource "google_service_account" "function_sa" {
      [32m+[0m[0m account_id   = "pdf-ingest-sa"
      [32m+[0m[0m disabled     = false
      [32m+[0m[0m display_name = "PDF Ingest Function SA"
      [32m+[0m[0m email        = (known after apply)
      [32m+[0m[0m id           = (known after apply)
      [32m+[0m[0m member       = (known after apply)
      [32m+[0m[0m name         = (known after apply)
      [32m+[0m[0m project      = "your-actual-project-id-12345"
      [32m+[0m[0m unique_id    = (known after apply)
    }

[1m  # module.function.google_storage_bucket_object.zip[0m will be created
[0m  [32m+[0m[0m resource "google_storage_bucket_object" "zip" {
      [32m+[0m[0m bucket         = (known after apply)
      [32m+[0m[0m content        = (sensitive value)
      [32m+[0m[0m content_type   = "application/zip"
      [32m+[0m[0m crc32c         = (known after apply)
      [32m+[0m[0m detect_md5hash = "different hash"
      [32m+[0m[0m generation     = (known after apply)
      [32m+[0m[0m id             = (known after apply)
      [32m+[0m[0m kms_key_name   = (known after apply)
      [32m+[0m[0m md5hash        = (known after apply)
      [32m+[0m[0m media_link     = (known after apply)
      [32m+[0m[0m name           = (known after apply)
      [32m+[0m[0m output_name    = (known after apply)
      [32m+[0m[0m self_link      = (known after apply)
      [32m+[0m[0m source         = "/tmp/function-source.zip"
      [32m+[0m[0m storage_class  = (known after apply)
    }

[1m  # module.ingress.google_compute_backend_service.default[0m will be created
[0m  [32m+[0m[0m resource "google_compute_backend_service" "default" {
      [32m+[0m[0m connection_draining_timeout_sec = 300
      [32m+[0m[0m creation_timestamp              = (known after apply)
      [32m+[0m[0m enable_cdn                      = true
      [32m+[0m[0m fingerprint                     = (known after apply)
      [32m+[0m[0m generated_id                    = (known after apply)
      [32m+[0m[0m id                              = (known after apply)
      [32m+[0m[0m load_balancing_scheme           = "EXTERNAL"
      [32m+[0m[0m name                            = "your-actual-project-id-12345-backend-service"
      [32m+[0m[0m port_name                       = "http"
      [32m+[0m[0m project                         = "your-actual-project-id-12345"
      [32m+[0m[0m protocol                        = "HTTP"
      [32m+[0m[0m security_policy                 = (known after apply)
      [32m+[0m[0m self_link                       = (known after apply)
      [32m+[0m[0m session_affinity                = (known after apply)
      [32m+[0m[0m timeout_sec                     = 300

      [32m+[0m[0m backend {
          [32m+[0m[0m balancing_mode               = "UTILIZATION"
          [32m+[0m[0m capacity_scaler              = 1
          [32m+[0m[0m group                        = (known after apply)
          [32m+[0m[0m max_connections              = (known after apply)
          [32m+[0m[0m max_connections_per_endpoint = (known after apply)
          [32m+[0m[0m max_connections_per_instance = (known after apply)
          [32m+[0m[0m max_rate                     = (known after apply)
          [32m+[0m[0m max_rate_per_endpoint        = (known after apply)
          [32m+[0m[0m max_rate_per_instance        = (known after apply)
          [32m+[0m[0m max_utilization              = (known after apply)
            [90m# (1 unchanged attribute hidden)[0m[0m
        }

      [32m+[0m[0m cdn_policy {
          [32m+[0m[0m cache_mode                   = "CACHE_ALL_STATIC"
          [32m+[0m[0m client_ttl                   = 3600
          [32m+[0m[0m default_ttl                  = 3600
          [32m+[0m[0m max_ttl                      = 86400
          [32m+[0m[0m negative_caching             = true
          [32m+[0m[0m serve_while_stale            = 86400
          [32m+[0m[0m signed_url_cache_max_age_sec = 3600

          [32m+[0m[0m cache_key_policy {
              [32m+[0m[0m include_host         = true
              [32m+[0m[0m include_protocol     = true
              [32m+[0m[0m include_query_string = true
            }
        }

      [32m+[0m[0m log_config (known after apply)
    }

[1m  # module.ingress.google_compute_global_address.lb_ip[0m will be created
[0m  [32m+[0m[0m resource "google_compute_global_address" "lb_ip" {
      [32m+[0m[0m address            = (known after apply)
      [32m+[0m[0m creation_timestamp = (known after apply)
      [32m+[0m[0m effective_labels   = (known after apply)
      [32m+[0m[0m id                 = (known after apply)
      [32m+[0m[0m label_fingerprint  = (known after apply)
      [32m+[0m[0m name               = "your-actual-project-id-12345-lb-ip"
      [32m+[0m[0m prefix_length      = (known after apply)
      [32m+[0m[0m project            = "your-actual-project-id-12345"
      [32m+[0m[0m self_link          = (known after apply)
      [32m+[0m[0m terraform_labels   = (known after apply)
    }

[1m  # module.ingress.google_compute_global_forwarding_rule.default[0m will be created
[0m  [32m+[0m[0m resource "google_compute_global_forwarding_rule" "default" {
      [32m+[0m[0m base_forwarding_rule  = (known after apply)
      [32m+[0m[0m effective_labels      = (known after apply)
      [32m+[0m[0m id                    = (known after apply)
      [32m+[0m[0m ip_address            = (known after apply)
      [32m+[0m[0m ip_protocol           = (known after apply)
      [32m+[0m[0m label_fingerprint     = (known after apply)
      [32m+[0m[0m load_balancing_scheme = "EXTERNAL"
      [32m+[0m[0m name                  = "your-actual-project-id-12345-lb-forwarding-rule"
      [32m+[0m[0m network               = (known after apply)
      [32m+[0m[0m port_range            = "443"
      [32m+[0m[0m project               = "your-actual-project-id-12345"
      [32m+[0m[0m psc_connection_id     = (known after apply)
      [32m+[0m[0m psc_connection_status = (known after apply)
      [32m+[0m[0m self_link             = (known after apply)
      [32m+[0m[0m subnetwork            = (known after apply)
      [32m+[0m[0m target                = (known after apply)
      [32m+[0m[0m terraform_labels      = (known after apply)

      [32m+[0m[0m service_directory_registrations (known after apply)
    }

[1m  # module.ingress.google_compute_managed_ssl_certificate.default[0m will be created
[0m  [32m+[0m[0m resource "google_compute_managed_ssl_certificate" "default" {
      [32m+[0m[0m certificate_id            = (known after apply)
      [32m+[0m[0m creation_timestamp        = (known after apply)
      [32m+[0m[0m expire_time               = (known after apply)
      [32m+[0m[0m id                        = (known after apply)
      [32m+[0m[0m name                      = "your-actual-project-id-12345-ssl-cert"
      [32m+[0m[0m project                   = "your-actual-project-id-12345"
      [32m+[0m[0m self_link                 = (known after apply)
      [32m+[0m[0m subject_alternative_names = (known after apply)
      [32m+[0m[0m type                      = "MANAGED"

      [32m+[0m[0m managed {
          [32m+[0m[0m domains = [
              [32m+[0m[0m "app.yourdomain.com",
            ]
        }
    }

[1m  # module.ingress.google_compute_region_network_endpoint_group.serverless_neg[0m will be created
[0m  [32m+[0m[0m resource "google_compute_region_network_endpoint_group" "serverless_neg" {
      [32m+[0m[0m id                    = (known after apply)
      [32m+[0m[0m name                  = "your-actual-project-id-12345-frontend-neg"
      [32m+[0m[0m network_endpoint_type = "SERVERLESS"
      [32m+[0m[0m project               = "your-actual-project-id-12345"
      [32m+[0m[0m region                = "us-central1"
      [32m+[0m[0m self_link             = (known after apply)

      [32m+[0m[0m cloud_run {
          [32m+[0m[0m service = "frontend-agent"
        }
    }

[1m  # module.ingress.google_compute_security_policy.security_policy[0m will be created
[0m  [32m+[0m[0m resource "google_compute_security_policy" "security_policy" {
      [32m+[0m[0m fingerprint = (known after apply)
      [32m+[0m[0m id          = (known after apply)
      [32m+[0m[0m name        = "your-actual-project-id-12345-security-policy"
      [32m+[0m[0m project     = "your-actual-project-id-12345"
      [32m+[0m[0m self_link   = (known after apply)
      [32m+[0m[0m type        = (known after apply)

      [32m+[0m[0m adaptive_protection_config {
          [32m+[0m[0m layer_7_ddos_defense_config {
              [32m+[0m[0m enable          = true
              [32m+[0m[0m rule_visibility = "STANDARD"
            }
        }

      [32m+[0m[0m advanced_options_config (known after apply)

      [32m+[0m[0m rule {
          [32m+[0m[0m action      = "allow"
          [32m+[0m[0m description = "Default allow rule"
          [32m+[0m[0m preview     = (known after apply)
          [32m+[0m[0m priority    = 2147483647

          [32m+[0m[0m match {
              [32m+[0m[0m versioned_expr = "SRC_IPS_V1"

              [32m+[0m[0m config {
                  [32m+[0m[0m src_ip_ranges = [
                      [32m+[0m[0m "*",
                    ]
                }
            }
        }
      [32m+[0m[0m rule {
          [32m+[0m[0m action      = "deny(403)"
          [32m+[0m[0m description = "Block Local File Inclusion"
          [32m+[0m[0m preview     = (known after apply)
          [32m+[0m[0m priority    = 1002

          [32m+[0m[0m match {
                [90m# (1 unchanged attribute hidden)[0m[0m

              [32m+[0m[0m expr {
                  [32m+[0m[0m expression = "evaluatePreconfiguredExpr('lfi-v33-stable')"
                }
            }
        }
      [32m+[0m[0m rule {
          [32m+[0m[0m action      = "deny(403)"
          [32m+[0m[0m description = "Block Protocol Attacks"
          [32m+[0m[0m preview     = (known after apply)
          [32m+[0m[0m priority    = 1004

          [32m+[0m[0m match {
                [90m# (1 unchanged attribute hidden)[0m[0m

              [32m+[0m[0m expr {
                  [32m+[0m[0m expression = "evaluatePreconfiguredExpr('protocolattack-v33-stable')"
                }
            }
        }
      [32m+[0m[0m rule {
          [32m+[0m[0m action      = "deny(403)"
          [32m+[0m[0m description = "Block Remote Command Execution"
          [32m+[0m[0m preview     = (known after apply)
          [32m+[0m[0m priority    = 1003

          [32m+[0m[0m match {
                [90m# (1 unchanged attribute hidden)[0m[0m

              [32m+[0m[0m expr {
                  [32m+[0m[0m expression = "evaluatePreconfiguredExpr('rce-v33-stable')"
                }
            }
        }
      [32m+[0m[0m rule {
          [32m+[0m[0m action      = "deny(403)"
          [32m+[0m[0m description = "Block SQL Injection"
          [32m+[0m[0m preview     = (known after apply)
          [32m+[0m[0m priority    = 1000

          [32m+[0m[0m match {
                [90m# (1 unchanged attribute hidden)[0m[0m

              [32m+[0m[0m expr {
                  [32m+[0m[0m expression = "evaluatePreconfiguredExpr('sqli-v33-stable')"
                }
            }
        }
      [32m+[0m[0m rule {
          [32m+[0m[0m action      = "deny(403)"
          [32m+[0m[0m description = "Block Scanner Detection"
          [32m+[0m[0m preview     = (known after apply)
          [32m+[0m[0m priority    = 1005

          [32m+[0m[0m match {
                [90m# (1 unchanged attribute hidden)[0m[0m

              [32m+[0m[0m expr {
                  [32m+[0m[0m expression = "evaluatePreconfiguredExpr('scannerdetection-v33-stable')"
                }
            }
        }
      [32m+[0m[0m rule {
          [32m+[0m[0m action      = "deny(403)"
          [32m+[0m[0m description = "Block XSS"
          [32m+[0m[0m preview     = (known after apply)
          [32m+[0m[0m priority    = 1001

          [32m+[0m[0m match {
                [90m# (1 unchanged attribute hidden)[0m[0m

              [32m+[0m[0m expr {
                  [32m+[0m[0m expression = "evaluatePreconfiguredExpr('xss-v33-stable')"
                }
            }
        }
      [32m+[0m[0m rule {
          [32m+[0m[0m action      = "rate_based_ban"
          [32m+[0m[0m description = "Rate limit to prevent abuse"
          [32m+[0m[0m preview     = (known after apply)
          [32m+[0m[0m priority    = 2000

          [32m+[0m[0m match {
              [32m+[0m[0m versioned_expr = "SRC_IPS_V1"

              [32m+[0m[0m config {
                  [32m+[0m[0m src_ip_ranges = [
                      [32m+[0m[0m "*",
                    ]
                }
            }

          [32m+[0m[0m rate_limit_options {
              [32m+[0m[0m ban_duration_sec    = 300
              [32m+[0m[0m conform_action      = "allow"
              [32m+[0m[0m enforce_on_key      = "IP"
              [32m+[0m[0m exceed_action       = "deny(429)"
                [90m# (1 unchanged attribute hidden)[0m[0m

              [32m+[0m[0m rate_limit_threshold {
                  [32m+[0m[0m count        = 500
                  [32m+[0m[0m interval_sec = 60
                }
            }
        }
    }

[1m  # module.ingress.google_compute_target_https_proxy.default[0m will be created
[0m  [32m+[0m[0m resource "google_compute_target_https_proxy" "default" {
      [32m+[0m[0m creation_timestamp = (known after apply)
      [32m+[0m[0m id                 = (known after apply)
      [32m+[0m[0m name               = "your-actual-project-id-12345-https-proxy"
      [32m+[0m[0m project            = "your-actual-project-id-12345"
      [32m+[0m[0m proxy_bind         = (known after apply)
      [32m+[0m[0m proxy_id           = (known after apply)
      [32m+[0m[0m quic_override      = "NONE"
      [32m+[0m[0m self_link          = (known after apply)
      [32m+[0m[0m ssl_certificates   = (known after apply)
      [32m+[0m[0m tls_early_data     = (known after apply)
      [32m+[0m[0m url_map            = (known after apply)
    }

[1m  # module.ingress.google_compute_url_map.default[0m will be created
[0m  [32m+[0m[0m resource "google_compute_url_map" "default" {
      [32m+[0m[0m creation_timestamp = (known after apply)
      [32m+[0m[0m default_service    = (known after apply)
      [32m+[0m[0m fingerprint        = (known after apply)
      [32m+[0m[0m id                 = (known after apply)
      [32m+[0m[0m map_id             = (known after apply)
      [32m+[0m[0m name               = "your-actual-project-id-12345-url-map"
      [32m+[0m[0m project            = "your-actual-project-id-12345"
      [32m+[0m[0m self_link          = (known after apply)
    }

[1m  # module.network.google_compute_global_address.private_ip_alloc[0m will be created
[0m  [32m+[0m[0m resource "google_compute_global_address" "private_ip_alloc" {
      [32m+[0m[0m address            = (known after apply)
      [32m+[0m[0m address_type       = "INTERNAL"
      [32m+[0m[0m creation_timestamp = (known after apply)
      [32m+[0m[0m effective_labels   = (known after apply)
      [32m+[0m[0m id                 = (known after apply)
      [32m+[0m[0m label_fingerprint  = (known after apply)
      [32m+[0m[0m name               = "private-ip-alloc"
      [32m+[0m[0m network            = (known after apply)
      [32m+[0m[0m prefix_length      = 16
      [32m+[0m[0m project            = "your-actual-project-id-12345"
      [32m+[0m[0m purpose            = "VPC_PEERING"
      [32m+[0m[0m self_link          = (known after apply)
      [32m+[0m[0m terraform_labels   = (known after apply)
    }

[1m  # module.network.google_compute_network.vpc[0m will be created
[0m  [32m+[0m[0m resource "google_compute_network" "vpc" {
      [32m+[0m[0m auto_create_subnetworks                   = false
      [32m+[0m[0m delete_default_routes_on_create           = false
      [32m+[0m[0m gateway_ipv4                              = (known after apply)
      [32m+[0m[0m id                                        = (known after apply)
      [32m+[0m[0m internal_ipv6_range                       = (known after apply)
      [32m+[0m[0m mtu                                       = (known after apply)
      [32m+[0m[0m name                                      = "your-actual-project-id-12345-vpc"
      [32m+[0m[0m network_firewall_policy_enforcement_order = "AFTER_CLASSIC_FIREWALL"
      [32m+[0m[0m numeric_id                                = (known after apply)
      [32m+[0m[0m project                                   = "your-actual-project-id-12345"
      [32m+[0m[0m routing_mode                              = "GLOBAL"
      [32m+[0m[0m self_link                                 = (known after apply)
    }

[1m  # module.network.google_compute_router.router[0m will be created
[0m  [32m+[0m[0m resource "google_compute_router" "router" {
      [32m+[0m[0m creation_timestamp = (known after apply)
      [32m+[0m[0m id                 = (known after apply)
      [32m+[0m[0m name               = "your-actual-project-id-12345-router"
      [32m+[0m[0m network            = (known after apply)
      [32m+[0m[0m project            = "your-actual-project-id-12345"
      [32m+[0m[0m region             = "us-central1"
      [32m+[0m[0m self_link          = (known after apply)
    }

[1m  # module.network.google_compute_router_nat.nat[0m will be created
[0m  [32m+[0m[0m resource "google_compute_router_nat" "nat" {
      [32m+[0m[0m auto_network_tier                   = (known after apply)
      [32m+[0m[0m enable_dynamic_port_allocation      = (known after apply)
      [32m+[0m[0m enable_endpoint_independent_mapping = (known after apply)
      [32m+[0m[0m endpoint_types                      = (known after apply)
      [32m+[0m[0m icmp_idle_timeout_sec               = 30
      [32m+[0m[0m id                                  = (known after apply)
      [32m+[0m[0m min_ports_per_vm                    = (known after apply)
      [32m+[0m[0m name                                = "your-actual-project-id-12345-nat"
      [32m+[0m[0m nat_ip_allocate_option              = "AUTO_ONLY"
      [32m+[0m[0m project                             = "your-actual-project-id-12345"
      [32m+[0m[0m region                              = "us-central1"
      [32m+[0m[0m router                              = "your-actual-project-id-12345-router"
      [32m+[0m[0m source_subnetwork_ip_ranges_to_nat  = "ALL_SUBNETWORKS_ALL_IP_RANGES"
      [32m+[0m[0m tcp_established_idle_timeout_sec    = 1200
      [32m+[0m[0m tcp_time_wait_timeout_sec           = 120
      [32m+[0m[0m tcp_transitory_idle_timeout_sec     = 30
      [32m+[0m[0m udp_idle_timeout_sec                = 30
    }

[1m  # module.network.google_compute_subnetwork.private_subnet[0m will be created
[0m  [32m+[0m[0m resource "google_compute_subnetwork" "private_subnet" {
      [32m+[0m[0m creation_timestamp         = (known after apply)
      [32m+[0m[0m external_ipv6_prefix       = (known after apply)
      [32m+[0m[0m fingerprint                = (known after apply)
      [32m+[0m[0m gateway_address            = (known after apply)
      [32m+[0m[0m id                         = (known after apply)
      [32m+[0m[0m internal_ipv6_prefix       = (known after apply)
      [32m+[0m[0m ip_cidr_range              = "10.0.0.0/24"
      [32m+[0m[0m ipv6_cidr_range            = (known after apply)
      [32m+[0m[0m name                       = "your-actual-project-id-12345-private-subnet"
      [32m+[0m[0m network                    = (known after apply)
      [32m+[0m[0m private_ip_google_access   = true
      [32m+[0m[0m private_ipv6_google_access = (known after apply)
      [32m+[0m[0m project                    = "your-actual-project-id-12345"
      [32m+[0m[0m purpose                    = (known after apply)
      [32m+[0m[0m region                     = "us-central1"
      [32m+[0m[0m secondary_ip_range         = (known after apply)
      [32m+[0m[0m self_link                  = (known after apply)
      [32m+[0m[0m stack_type                 = (known after apply)
    }

[1m  # module.network.google_service_networking_connection.default[0m will be created
[0m  [32m+[0m[0m resource "google_service_networking_connection" "default" {
      [32m+[0m[0m id                      = (known after apply)
      [32m+[0m[0m network                 = (known after apply)
      [32m+[0m[0m peering                 = (known after apply)
      [32m+[0m[0m reserved_peering_ranges = [
          [32m+[0m[0m "private-ip-alloc",
        ]
      [32m+[0m[0m service                 = "servicenetworking.googleapis.com"
    }

[1m  # module.redis.google_redis_instance.cache[0m will be created
[0m  [32m+[0m[0m resource "google_redis_instance" "cache" {
      [32m+[0m[0m alternative_location_id  = (known after apply)
      [32m+[0m[0m auth_enabled             = true
      [32m+[0m[0m auth_string              = (sensitive value)
      [32m+[0m[0m authorized_network       = (known after apply)
      [32m+[0m[0m connect_mode             = "DIRECT_PEERING"
      [32m+[0m[0m create_time              = (known after apply)
      [32m+[0m[0m current_location_id      = (known after apply)
      [32m+[0m[0m display_name             = "AI Platform Cache"
      [32m+[0m[0m effective_labels         = (known after apply)
      [32m+[0m[0m host                     = (known after apply)
      [32m+[0m[0m id                       = (known after apply)
      [32m+[0m[0m location_id              = (known after apply)
      [32m+[0m[0m maintenance_schedule     = (known after apply)
      [32m+[0m[0m maintenance_version      = (known after apply)
      [32m+[0m[0m memory_size_gb           = 1
      [32m+[0m[0m name                     = "ai-cache"
      [32m+[0m[0m nodes                    = (known after apply)
      [32m+[0m[0m persistence_iam_identity = (known after apply)
      [32m+[0m[0m port                     = (known after apply)
      [32m+[0m[0m project                  = "your-actual-project-id-12345"
      [32m+[0m[0m read_endpoint            = (known after apply)
      [32m+[0m[0m read_endpoint_port       = (known after apply)
      [32m+[0m[0m read_replicas_mode       = (known after apply)
      [32m+[0m[0m redis_version            = "REDIS_6_X"
      [32m+[0m[0m region                   = "us-central1"
      [32m+[0m[0m replica_count            = (known after apply)
      [32m+[0m[0m reserved_ip_range        = (known after apply)
      [32m+[0m[0m secondary_ip_range       = (known after apply)
      [32m+[0m[0m server_ca_certs          = (known after apply)
      [32m+[0m[0m terraform_labels         = (known after apply)
      [32m+[0m[0m tier                     = "BASIC"
      [32m+[0m[0m transit_encryption_mode  = "SERVER_AUTHENTICATION"

      [32m+[0m[0m persistence_config (known after apply)
    }

[1m  # module.storage.google_storage_bucket.data_bucket[0m will be created
[0m  [32m+[0m[0m resource "google_storage_bucket" "data_bucket" {
      [32m+[0m[0m effective_labels            = (known after apply)
      [32m+[0m[0m force_destroy               = true
      [32m+[0m[0m id                          = (known after apply)
      [32m+[0m[0m location                    = "US-CENTRAL1"
      [32m+[0m[0m name                        = (known after apply)
      [32m+[0m[0m project                     = (known after apply)
      [32m+[0m[0m project_number              = (known after apply)
      [32m+[0m[0m public_access_prevention    = (known after apply)
      [32m+[0m[0m rpo                         = (known after apply)
      [32m+[0m[0m self_link                   = (known after apply)
      [32m+[0m[0m storage_class               = "STANDARD"
      [32m+[0m[0m terraform_labels            = (known after apply)
      [32m+[0m[0m uniform_bucket_level_access = true
      [32m+[0m[0m url                         = (known after apply)

      [32m+[0m[0m lifecycle_rule {
          [32m+[0m[0m action {
              [32m+[0m[0m storage_class = "NEARLINE"
              [32m+[0m[0m type          = "SetStorageClass"
            }
          [32m+[0m[0m condition {
              [32m+[0m[0m days_since_noncurrent_time = 7
              [32m+[0m[0m matches_prefix             = []
              [32m+[0m[0m matches_storage_class      = []
              [32m+[0m[0m matches_suffix             = []
              [32m+[0m[0m num_newer_versions         = 1
              [32m+[0m[0m send_age_if_zero           = true
              [32m+[0m[0m with_state                 = (known after apply)
                [90m# (3 unchanged attributes hidden)[0m[0m
            }
        }
      [32m+[0m[0m lifecycle_rule {
          [32m+[0m[0m action {
              [32m+[0m[0m storage_class = "ARCHIVE"
              [32m+[0m[0m type          = "SetStorageClass"
            }
          [32m+[0m[0m condition {
              [32m+[0m[0m days_since_noncurrent_time = 30
              [32m+[0m[0m matches_prefix             = []
              [32m+[0m[0m matches_storage_class      = []
              [32m+[0m[0m matches_suffix             = []
              [32m+[0m[0m num_newer_versions         = 1
              [32m+[0m[0m send_age_if_zero           = true
              [32m+[0m[0m with_state                 = (known after apply)
                [90m# (3 unchanged attributes hidden)[0m[0m
            }
        }
      [32m+[0m[0m lifecycle_rule {
          [32m+[0m[0m action {
              [32m+[0m[0m type          = "Delete"
                [90m# (1 unchanged attribute hidden)[0m[0m
            }
          [32m+[0m[0m condition {
              [32m+[0m[0m days_since_noncurrent_time = 90
              [32m+[0m[0m matches_prefix             = []
              [32m+[0m[0m matches_storage_class      = []
              [32m+[0m[0m matches_suffix             = []
              [32m+[0m[0m num_newer_versions         = 1
              [32m+[0m[0m send_age_if_zero           = true
              [32m+[0m[0m with_state                 = (known after apply)
                [90m# (3 unchanged attributes hidden)[0m[0m
            }
        }

      [32m+[0m[0m soft_delete_policy (known after apply)

      [32m+[0m[0m versioning {
          [32m+[0m[0m enabled = true
        }

      [32m+[0m[0m website (known after apply)
    }

[1m  # module.storage.google_storage_bucket.source_bucket[0m will be created
[0m  [32m+[0m[0m resource "google_storage_bucket" "source_bucket" {
      [32m+[0m[0m effective_labels            = (known after apply)
      [32m+[0m[0m force_destroy               = true
      [32m+[0m[0m id                          = (known after apply)
      [32m+[0m[0m location                    = "US-CENTRAL1"
      [32m+[0m[0m name                        = (known after apply)
      [32m+[0m[0m project                     = (known after apply)
      [32m+[0m[0m project_number              = (known after apply)
      [32m+[0m[0m public_access_prevention    = (known after apply)
      [32m+[0m[0m rpo                         = (known after apply)
      [32m+[0m[0m self_link                   = (known after apply)
      [32m+[0m[0m storage_class               = "STANDARD"
      [32m+[0m[0m terraform_labels            = (known after apply)
      [32m+[0m[0m uniform_bucket_level_access = true
      [32m+[0m[0m url                         = (known after apply)

      [32m+[0m[0m soft_delete_policy (known after apply)

      [32m+[0m[0m versioning {
          [32m+[0m[0m enabled = true
        }

      [32m+[0m[0m website (known after apply)
    }

[1m  # module.storage.random_id.bucket_suffix[0m will be created
[0m  [32m+[0m[0m resource "random_id" "bucket_suffix" {
      [32m+[0m[0m b64_std     = (known after apply)
      [32m+[0m[0m b64_url     = (known after apply)
      [32m+[0m[0m byte_length = 4
      [32m+[0m[0m dec         = (known after apply)
      [32m+[0m[0m hex         = (known after apply)
      [32m+[0m[0m id          = (known after apply)
    }

[1mPlan:[0m [0m70 to add, 0 to change, 0 to destroy.

Changes to Outputs:
  [32m+[0m[0m public_ip = (known after apply)
[90m
─────────────────────────────────────────────────────────────────────────────[0m

Note: You didn't use the -out option to save this plan, so Terraform can't
guarantee to take exactly these actions if you run "terraform apply" now.
